// !$*UTF8*$!
{
	archiveVersion = 1;
	classes = {
	};
	objectVersion = 50;
	objects = {

/* Begin PBXBuildFile section */
		A2DEC8C62426D7C9000DC94A /* AppDelegate.swift in Sources */ = {isa = PBXBuildFile; fileRef = A2DEC8C52426D7C9000DC94A /* AppDelegate.swift */; };
		A2DEC8C82426D7C9000DC94A /* SceneDelegate.swift in Sources */ = {isa = PBXBuildFile; fileRef = A2DEC8C72426D7C9000DC94A /* SceneDelegate.swift */; };
		A2DEC8CA2426D7C9000DC94A /* ViewController.swift in Sources */ = {isa = PBXBuildFile; fileRef = A2DEC8C92426D7C9000DC94A /* ViewController.swift */; };
		A2DEC8D02426D7C9000DC94A /* EggTimer.xcdatamodeld in Sources */ = {isa = PBXBuildFile; fileRef = A2DEC8CE2426D7C9000DC94A /* EggTimer.xcdatamodeld */; };
		A2DEC8D52426D7CC000DC94A /* LaunchScreen.storyboard in Resources */ = {isa = PBXBuildFile; fileRef = A2DEC8D32426D7CC000DC94A /* LaunchScreen.storyboard */; };
		A2DEC8DD2426D822000DC94A /* Main.storyboard in Resources */ = {isa = PBXBuildFile; fileRef = A2DEC8DC2426D822000DC94A /* Main.storyboard */; };
		A2DEC8DF2426D82B000DC94A /* alarm_sound.mp3 in Resources */ = {isa = PBXBuildFile; fileRef = A2DEC8DE2426D82A000DC94A /* alarm_sound.mp3 */; };
		A2DEC8E12426D859000DC94A /* Assets.xcassets in Resources */ = {isa = PBXBuildFile; fileRef = A2DEC8E02426D859000DC94A /* Assets.xcassets */; };
/* End PBXBuildFile section */

/* Begin PBXFileReference section */
		A2DEC8C22426D7C9000DC94A /* EggTimer.app */ = {isa = PBXFileReference; explicitFileType = wrapper.application; includeInIndex = 0; path = EggTimer.app; sourceTree = BUILT_PRODUCTS_DIR; };
		A2DEC8C52426D7C9000DC94A /* AppDelegate.swift */ = {isa = PBXFileReference; lastKnownFileType = sourcecode.swift; path = AppDelegate.swift; sourceTree = "<group>"; };
		A2DEC8C72426D7C9000DC94A /* SceneDelegate.swift */ = {isa = PBXFileReference; lastKnownFileType = sourcecode.swift; path = SceneDelegate.swift; sourceTree = "<group>"; };
		A2DEC8C92426D7C9000DC94A /* ViewController.swift */ = {isa = PBXFileReference; lastKnownFileType = sourcecode.swift; path = ViewController.swift; sourceTree = "<group>"; };
		A2DEC8CF2426D7C9000DC94A /* EggTimer.xcdatamodel */ = {isa = PBXFileReference; lastKnownFileType = wrapper.xcdatamodel; path = EggTimer.xcdatamodel; sourceTree = "<group>"; };
		A2DEC8D42426D7CC000DC94A /* Base */ = {isa = PBXFileReference; lastKnownFileType = file.storyboard; name = Base; path = Base.lproj/LaunchScreen.storyboard; sourceTree = "<group>"; };
		A2DEC8D62426D7CC000DC94A /* Info.plist */ = {isa = PBXFileReference; lastKnownFileType = text.plist.xml; path = Info.plist; sourceTree = "<group>"; };
		A2DEC8DC2426D822000DC94A /* Main.storyboard */ = {isa = PBXFileReference; fileEncoding = 4; lastKnownFileType = file.storyboard; path = Main.storyboard; sourceTree = "<group>"; };
		A2DEC8DE2426D82A000DC94A /* alarm_sound.mp3 */ = {isa = PBXFileReference; lastKnownFileType = audio.mp3; path = alarm_sound.mp3; sourceTree = "<group>"; };
		A2DEC8E02426D859000DC94A /* Assets.xcassets */ = {isa = PBXFileReference; lastKnownFileType = folder.assetcatalog; path = Assets.xcassets; sourceTree = "<group>"; };
/* End PBXFileReference section */

/* Begin PBXFrameworksBuildPhase section */
		A2DEC8BF2426D7C9000DC94A /* Frameworks */ = {
			isa = PBXFrameworksBuildPhase;
			buildActionMask = 2147483647;
			files = (
			);
			runOnlyForDeploymentPostprocessing = 0;
		};
/* End PBXFrameworksBuildPhase section */

/* Begin PBXGroup section */
		A2DEC8B92426D7C9000DC94A = {
			isa = PBXGroup;
			children = (
				A2DEC8C42426D7C9000DC94A /* EggTimer */,
				A2DEC8C32426D7C9000DC94A /* Products */,
			);
			sourceTree = "<group>";
		};
		A2DEC8C32426D7C9000DC94A /* Products */ = {
			isa = PBXGroup;
			children = (
				A2DEC8C22426D7C9000DC94A /* EggTimer.app */,
			);
			name = Products;
			sourceTree = "<group>";
		};
		A2DEC8C42426D7C9000DC94A /* EggTimer */ = {
			isa = PBXGroup;
			children = (
				A2DEC8C52426D7C9000DC94A /* AppDelegate.swift */,
				A2DEC8C72426D7C9000DC94A /* SceneDelegate.swift */,
				A2DEC8C92426D7C9000DC94A /* ViewController.swift */,
				A2DEC8DC2426D822000DC94A /* Main.storyboard */,
				A2DEC8D32426D7CC000DC94A /* LaunchScreen.storyboard */,
				A2DEC8E02426D859000DC94A /* Assets.xcassets */,
				A2DEC8DE2426D82A000DC94A /* alarm_sound.mp3 */,
				A2DEC8D62426D7CC000DC94A /* Info.plist */,
				A2DEC8CE2426D7C9000DC94A /* EggTimer.xcdatamodeld */,
			);
			path = EggTimer;
			sourceTree = "<group>";
		};
/* End PBXGroup section */

/* Begin PBXNativeTarget section */
		A2DEC8C12426D7C9000DC94A /* EggTimer */ = {
			isa = PBXNativeTarget;
			buildConfigurationList = A2DEC8D92426D7CC000DC94A /* Build configuration list for PBXNativeTarget "EggTimer" */;
			buildPhases = (
				A2DEC8BE2426D7C9000DC94A /* Sources */,
				A2DEC8BF2426D7C9000DC94A /* Frameworks */,
				A2DEC8C02426D7C9000DC94A /* Resources */,
			);
			buildRules = (
			);
			dependencies = (
			);
			name = EggTimer;
			productName = EggTimer;
			productReference = A2DEC8C22426D7C9000DC94A /* EggTimer.app */;
			productType = "com.apple.product-type.application";
		};
/* End PBXNativeTarget section */

/* Begin PBXProject section */
		A2DEC8BA2426D7C9000DC94A /* Project object */ = {
			isa = PBXProject;
			attributes = {
				LastSwiftUpdateCheck = 1130;
				LastUpgradeCheck = 1130;
				ORGANIZATIONNAME = "Sarowar H. Mishkat";
				TargetAttributes = {
					A2DEC8C12426D7C9000DC94A = {
						CreatedOnToolsVersion = 11.3;
					};
				};
			};
			buildConfigurationList = A2DEC8BD2426D7C9000DC94A /* Build configuration list for PBXProject "EggTimer" */;
			compatibilityVersion = "Xcode 9.3";
			developmentRegion = en;
			hasScannedForEncodings = 0;
			knownRegions = (
				en,
				Base,
			);
			mainGroup = A2DEC8B92426D7C9000DC94A;
			productRefGroup = A2DEC8C32426D7C9000DC94A /* Products */;
			projectDirPath = "";
			projectRoot = "";
			targets = (
				A2DEC8C12426D7C9000DC94A /* EggTimer */,
			);
		};
/* End PBXProject section */

/* Begin PBXResourcesBuildPhase section */
		A2DEC8C02426D7C9000DC94A /* Resources */ = {
			isa = PBXResourcesBuildPhase;
			buildActionMask = 2147483647;
			files = (
				A2DEC8DD2426D822000DC94A /* Main.storyboard in Resources */,
				A2DEC8D52426D7CC000DC94A /* LaunchScreen.storyboard in Resources */,
				A2DEC8E12426D859000DC94A /* Assets.xcassets in Resources */,
				A2DEC8DF2426D82B000DC94A /* alarm_sound.mp3 in Resources */,
			);
			runOnlyForDeploymentPostprocessing = 0;
		};
/* End PBXResourcesBuildPhase section */

/* Begin PBXSourcesBuildPhase section */
		A2DEC8BE2426D7C9000DC94A /* Sources */ = {
			isa = PBXSourcesBuildPhase;
			buildActionMask = 2147483647;
			files = (
				A2DEC8CA2426D7C9000DC94A /* ViewController.swift in Sources */,
				A2DEC8D02426D7C9000DC94A /* EggTimer.xcdatamodeld in Sources */,
				A2DEC8C62426D7C9000DC94A /* AppDelegate.swift in Sources */,
				A2DEC8C82426D7C9000DC94A /* SceneDelegate.swift in Sources */,
			);
			runOnlyForDeploymentPostprocessing = 0;
		};
/* End PBXSourcesBuildPhase section */

/* Begin PBXVariantGroup section */
		A2DEC8D32426D7CC000DC94A /* LaunchScreen.storyboard */ = {
			isa = PBXVariantGroup;
			children = (
				A2DEC8D42426D7CC000DC94A /* Base */,
			);
			name = LaunchScreen.storyboard;
			sourceTree = "<group>";
		};
/* End PBXVariantGroup section */

/* Begin XCBuildConfiguration section */
		A2DEC8D72426D7CC000DC94A /* Debug */ = {
			isa = XCBuildConfiguration;
			buildSettings = {
				ALWAYS_SEARCH_USER_PATHS = NO;
				CLANG_ANALYZER_NONNULL = YES;
				CLANG_ANALYZER_NUMBER_OBJECT_CONVERSION = YES_AGGRESSIVE;
				CLANG_CXX_LANGUAGE_STANDARD = "gnu++14";
				CLANG_CXX_LIBRARY = "libc++";
				CLANG_ENABLE_MODULES = YES;
				CLANG_ENABLE_OBJC_ARC = YES;
				CLANG_ENABLE_OBJC_WEAK = YES;
				CLANG_WARN_BLOCK_CAPTURE_AUTORELEASING = YES;
				CLANG_WARN_BOOL_CONVERSION = YES;
				CLANG_WARN_COMMA = YES;
				CLANG_WARN_CONSTANT_CONVERSION = YES;
				CLANG_WARN_DEPRECATED_OBJC_IMPLEMENTATIONS = YES;
				CLANG_WARN_DIRECT_OBJC_ISA_USAGE = YES_ERROR;
				CLANG_WARN_DOCUMENTATION_COMMENTS = YES;
				CLANG_WARN_EMPTY_BODY = YES;
				CLANG_WARN_ENUM_CONVERSION = YES;
				CLANG_WARN_INFINITE_RECURSION = YES;
				CLANG_WARN_INT_CONVERSION = YES;
				CLANG_WARN_NON_LITERAL_NULL_CONVERSION = YES;
				CLANG_WARN_OBJC_IMPLICIT_RETAIN_SELF = YES;
				CLANG_WARN_OBJC_LITERAL_CONVERSION = YES;
				CLANG_WARN_OBJC_ROOT_CLASS = YES_ERROR;
				CLANG_WARN_RANGE_LOOP_ANALYSIS = YES;
				CLANG_WARN_STRICT_PROTOTYPES = YES;
				CLANG_WARN_SUSPICIOUS_MOVE = YES;
				CLANG_WARN_UNGUARDED_AVAILABILITY = YES_AGGRESSIVE;
				CLANG_WARN_UNREACHABLE_CODE = YES;
				CLANG_WARN__DUPLICATE_METHOD_MATCH = YES;
				COPY_PHASE_STRIP = NO;
				DEBUG_INFORMATION_FORMAT = dwarf;
				ENABLE_STRICT_OBJC_MSGSEND = YES;
				ENABLE_TESTABILITY = YES;
				GCC_C_LANGUAGE_STANDARD = gnu11;
				GCC_DYNAMIC_NO_PIC = NO;
				GCC_NO_COMMON_BLOCKS = YES;
				GCC_OPTIMIZATION_LEVEL = 0;
				GCC_PREPROCESSOR_DEFINITIONS = (
					"DEBUG=1",
					"$(inherited)",
				);
				GCC_WARN_64_TO_32_BIT_CONVERSION = YES;
				GCC_WARN_ABOUT_RETURN_TYPE = YES_ERROR;
				GCC_WARN_UNDECLARED_SELECTOR = YES;
				GCC_WARN_UNINITIALIZED_AUTOS = YES_AGGRESSIVE;
				GCC_WARN_UNUSED_FUNCTION = YES;
				GCC_WARN_UNUSED_VARIABLE = YES;
				IPHONEOS_DEPLOYMENT_TARGET = 13.2;
				MTL_ENABLE_DEBUG_INFO = INCLUDE_SOURCE;
				MTL_FAST_MATH = YES;
				ONLY_ACTIVE_ARCH = YES;
				SDKROOT = iphoneos;
				SWIFT_ACTIVE_COMPILATION_CONDITIONS = DEBUG;
				SWIFT_OPTIMIZATION_LEVEL = "-Onone";
			};
			name = Debug;
		};
		A2DEC8D82426D7CC000DC94A /* Release */ = {
			isa = XCBuildConfiguration;
			buildSettings = {
				ALWAYS_SEARCH_USER_PATHS = NO;
				CLANG_ANALYZER_NONNULL = YES;
				CLANG_ANALYZER_NUMBER_OBJECT_CONVERSION = YES_AGGRESSIVE;
				CLANG_CXX_LANGUAGE_STANDARD = "gnu++14";
				CLANG_CXX_LIBRARY = "libc++";
				CLANG_ENABLE_MODULES = YES;
				CLANG_ENABLE_OBJC_ARC = YES;
				CLANG_ENABLE_OBJC_WEAK = YES;
				CLANG_WARN_BLOCK_CAPTURE_AUTORELEASING = YES;
				CLANG_WARN_BOOL_CONVERSION = YES;
				CLANG_WARN_COMMA = YES;
				CLANG_WARN_CONSTANT_CONVERSION = YES;
				CLANG_WARN_DEPRECATED_OBJC_IMPLEMENTATIONS = YES;
				CLANG_WARN_DIRECT_OBJC_ISA_USAGE = YES_ERROR;
				CLANG_WARN_DOCUMENTATION_COMMENTS = YES;
				CLANG_WARN_EMPTY_BODY = YES;
				CLANG_WARN_ENUM_CONVERSION = YES;
				CLANG_WARN_INFINITE_RECURSION = YES;
				CLANG_WARN_INT_CONVERSION = YES;
				CLANG_WARN_NON_LITERAL_NULL_CONVERSION = YES;
				CLANG_WARN_OBJC_IMPLICIT_RETAIN_SELF = YES;
				CLANG_WARN_OBJC_LITERAL_CONVERSION = YES;
				CLANG_WARN_OBJC_ROOT_CLASS = YES_ERROR;
				CLANG_WARN_RANGE_LOOP_ANALYSIS = YES;
				CLANG_WARN_STRICT_PROTOTYPES = YES;
				CLANG_WARN_SUSPICIOUS_MOVE = YES;
				CLANG_WARN_UNGUARDED_AVAILABILITY = YES_AGGRESSIVE;
				CLANG_WARN_UNREACHABLE_CODE = YES;
				CLANG_WARN__DUPLICATE_METHOD_MATCH = YES;
				COPY_PHASE_STRIP = NO;
				DEBUG_INFORMATION_FORMAT = "dwarf-with-dsym";
				ENABLE_NS_ASSERTIONS = NO;
				ENABLE_STRICT_OBJC_MSGSEND = YES;
				GCC_C_LANGUAGE_STANDARD = gnu11;
				GCC_NO_COMMON_BLOCKS = YES;
				GCC_WARN_64_TO_32_BIT_CONVERSION = YES;
				GCC_WARN_ABOUT_RETURN_TYPE = YES_ERROR;
				GCC_WARN_UNDECLARED_SELECTOR = YES;
				GCC_WARN_UNINITIALIZED_AUTOS = YES_AGGRESSIVE;
				GCC_WARN_UNUSED_FUNCTION = YES;
				GCC_WARN_UNUSED_VARIABLE = YES;
				IPHONEOS_DEPLOYMENT_TARGET = 13.2;
				MTL_ENABLE_DEBUG_INFO = NO;
				MTL_FAST_MATH = YES;
				SDKROOT = iphoneos;
				SWIFT_COMPILATION_MODE = wholemodule;
				SWIFT_OPTIMIZATION_LEVEL = "-O";
				VALIDATE_PRODUCT = YES;
			};
			name = Release;
		};
		A2DEC8DA2426D7CC000DC94A /* Debug */ = {
			isa = XCBuildConfiguration;
			buildSettings = {
				ASSETCATALOG_COMPILER_APPICON_NAME = AppIcon;
				CODE_SIGN_STYLE = Automatic;
				INFOPLIST_FILE = EggTimer/Info.plist;
				LD_RUNPATH_SEARCH_PATHS = (
					"$(inherited)",
					"@executable_path/Frameworks",
				);
				PRODUCT_BUNDLE_IDENTIFIER = me.shmishkat.EggTimer;
				PRODUCT_NAME = "$(TARGET_NAME)";
				SWIFT_VERSION = 5.0;
				TARGETED_DEVICE_FAMILY = "1,2";
			};
			name = Debug;
		};
		A2DEC8DB2426D7CC000DC94A /* Release */ = {
			isa = XCBuildConfiguration;
			buildSettings = {
				ASSETCATALOG_COMPILER_APPICON_NAME = AppIcon;
				CODE_SIGN_STYLE = Automatic;
				INFOPLIST_FILE = EggTimer/Info.plist;
				LD_RUNPATH_SEARCH_PATHS = (
					"$(inherited)",
					"@executable_path/Frameworks",
				);
				PRODUCT_BUNDLE_IDENTIFIER = me.shmishkat.EggTimer;
				PRODUCT_NAME = "$(TARGET_NAME)";
				SWIFT_VERSION = 5.0;
				TARGETED_DEVICE_FAMILY = "1,2";
			};
			name = Release;
		};
/* End XCBuildConfiguration section */

/* Begin XCConfigurationList section */
		A2DEC8BD2426D7C9000DC94A /* Build configuration list for PBXProject "EggTimer" */ = {
			isa = XCConfigurationList;
			buildConfigurations = (
				A2DEC8D72426D7CC000DC94A /* Debug */,
				A2DEC8D82426D7CC000DC94A /* Release */,
			);
			defaultConfigurationIsVisible = 0;
			defaultConfigurationName = Release;
		};
		A2DEC8D92426D7CC000DC94A /* Build configuration list for PBXNativeTarget "EggTimer" */ = {
			isa = XCConfigurationList;
			buildConfigurations = (
				A2DEC8DA2426D7CC000DC94A /* Debug */,
				A2DEC8DB2426D7CC000DC94A /* Release */,
			);
			defaultConfigurationIsVisible = 0;
			defaultConfigurationName = Release;
		};
/* End XCConfigurationList section */

/* Begin XCVersionGroup section */
		A2DEC8CE2426D7C9000DC94A /* EggTimer.xcdatamodeld */ = {
			isa = XCVersionGroup;
			children = (
				A2DEC8CF2426D7C9000DC94A /* EggTimer.xcdatamodel */,
			);
			currentVersion = A2DEC8CF2426D7C9000DC94A /* EggTimer.xcdatamodel */;
			path = EggTimer.xcdatamodeld;
			sourceTree = "<group>";
			versionGroupType = wrapper.xcdatamodel;
		};
/* End XCVersionGroup section */
	};
	rootObject = A2DEC8BA2426D7C9000DC94A /* Project object */;
}
